// !$*UTF8*$!
{
	archiveVersion = 1;
	classes = {
	};
	objectVersion = 50;
	objects = {

/* Begin PBXBuildFile section */
		772033B021B579B700807168 /* libATCommandStudioDynamic.dylib in Frameworks */ = {isa = PBXBuildFile; fileRef = 772033AF21B579B700807168 /* libATCommandStudioDynamic.dylib */; };
		772033B721B57B0100807168 /* util.mm in Sources */ = {isa = PBXBuildFile; fileRef = 772033B121B57B0100807168 /* util.mm */; };
		772033B821B57B0100807168 /* dyld-interposing.h in Headers */ = {isa = PBXBuildFile; fileRef = 772033B221B57B0100807168 /* dyld-interposing.h */; };
		772033B921B57B0100807168 /* main.mm in Sources */ = {isa = PBXBuildFile; fileRef = 772033B321B57B0100807168 /* main.mm */; };
		772033BA21B57B0100807168 /* colors.h in Headers */ = {isa = PBXBuildFile; fileRef = 772033B421B57B0100807168 /* colors.h */; };
		772033BB21B57B0100807168 /* qmi.h in Headers */ = {isa = PBXBuildFile; fileRef = 772033B521B57B0100807168 /* qmi.h */; };
		772033BC21B57B0100807168 /* util.h in Headers */ = {isa = PBXBuildFile; fileRef = 772033B621B57B0100807168 /* util.h */; };
		7776BA9D21B1444400A982DA /* IOKit.framework in Frameworks */ = {isa = PBXBuildFile; fileRef = 7776BA9C21B1444400A982DA /* IOKit.framework */; };
		7776BA9F21B1444C00A982DA /* Foundation.framework in Frameworks */ = {isa = PBXBuildFile; fileRef = 7776BA9E21B1444C00A982DA /* Foundation.framework */; };
/* End PBXBuildFile section */

/* Begin PBXFileReference section */
		772033AF21B579B700807168 /* libATCommandStudioDynamic.dylib */ = {isa = PBXFileReference; lastKnownFileType = "compiled.mach-o.dylib"; name = libATCommandStudioDynamic.dylib; path = ../../rootfs/iphone4s_ios902/System/Library/Caches/com.apple.dyld/extracted/libATCommandStudioDynamic.dylib; sourceTree = "<group>"; };
		772033B121B57B0100807168 /* util.mm */ = {isa = PBXFileReference; fileEncoding = 4; lastKnownFileType = sourcecode.cpp.objcpp; path = util.mm; sourceTree = "<group>"; };
		772033B221B57B0100807168 /* dyld-interposing.h */ = {isa = PBXFileReference; fileEncoding = 4; lastKnownFileType = sourcecode.c.h; path = "dyld-interposing.h"; sourceTree = "<group>"; };
		772033B321B57B0100807168 /* main.mm */ = {isa = PBXFileReference; fileEncoding = 4; lastKnownFileType = sourcecode.cpp.objcpp; path = main.mm; sourceTree = "<group>"; };
		772033B421B57B0100807168 /* colors.h */ = {isa = PBXFileReference; fileEncoding = 4; lastKnownFileType = sourcecode.c.h; path = colors.h; sourceTree = "<group>"; };
		772033B521B57B0100807168 /* qmi.h */ = {isa = PBXFileReference; fileEncoding = 4; lastKnownFileType = sourcecode.c.h; path = qmi.h; sourceTree = "<group>"; };
		772033B621B57B0100807168 /* util.h */ = {isa = PBXFileReference; fileEncoding = 4; lastKnownFileType = sourcecode.c.h; path = util.h; sourceTree = "<group>"; };
		7776BA9321B1434200A982DA /* libInterCC.dylib */ = {isa = PBXFileReference; explicitFileType = "compiled.mach-o.dylib"; includeInIndex = 0; path = libInterCC.dylib; sourceTree = BUILT_PRODUCTS_DIR; };
		7776BA9C21B1444400A982DA /* IOKit.framework */ = {isa = PBXFileReference; lastKnownFileType = wrapper.framework; name = IOKit.framework; path = Platforms/iPhoneOS.platform/Developer/SDKs/iPhoneOS.sdk/System/Library/Frameworks/IOKit.framework; sourceTree = DEVELOPER_DIR; };
		7776BA9E21B1444C00A982DA /* Foundation.framework */ = {isa = PBXFileReference; lastKnownFileType = wrapper.framework; name = Foundation.framework; path = System/Library/Frameworks/Foundation.framework; sourceTree = SDKROOT; };
/* End PBXFileReference section */

/* Begin PBXFrameworksBuildPhase section */
		7776BA9121B1434200A982DA /* Frameworks */ = {
			isa = PBXFrameworksBuildPhase;
			buildActionMask = 2147483647;
			files = (
				772033B021B579B700807168 /* libATCommandStudioDynamic.dylib in Frameworks */,
				7776BA9F21B1444C00A982DA /* Foundation.framework in Frameworks */,
				7776BA9D21B1444400A982DA /* IOKit.framework in Frameworks */,
			);
			runOnlyForDeploymentPostprocessing = 0;
		};
/* End PBXFrameworksBuildPhase section */

/* Begin PBXGroup section */
		7776BA7B21B1425700A982DA = {
			isa = PBXGroup;
			children = (
				7776BA8621B1425700A982DA /* InterCC */,
				7776BA8521B1425700A982DA /* Products */,
				7776BA9921B1441000A982DA /* Frameworks */,
			);
			sourceTree = "<group>";
		};
		7776BA8521B1425700A982DA /* Products */ = {
			isa = PBXGroup;
			children = (
				7776BA9321B1434200A982DA /* libInterCC.dylib */,
			);
			name = Products;
			sourceTree = "<group>";
		};
		7776BA8621B1425700A982DA /* InterCC */ = {
			isa = PBXGroup;
			children = (
				772033B221B57B0100807168 /* dyld-interposing.h */,
				772033B621B57B0100807168 /* util.h */,
				772033B121B57B0100807168 /* util.mm */,
				772033B421B57B0100807168 /* colors.h */,
				772033B521B57B0100807168 /* qmi.h */,
				772033B321B57B0100807168 /* main.mm */,
			);
			path = InterCC;
			sourceTree = "<group>";
		};
		7776BA9921B1441000A982DA /* Frameworks */ = {
			isa = PBXGroup;
			children = (
				772033AF21B579B700807168 /* libATCommandStudioDynamic.dylib */,
				7776BA9E21B1444C00A982DA /* Foundation.framework */,
				7776BA9C21B1444400A982DA /* IOKit.framework */,
			);
			name = Frameworks;
			sourceTree = "<group>";
		};
/* End PBXGroup section */

/* Begin PBXHeadersBuildPhase section */
		7776BA8F21B1434200A982DA /* Headers */ = {
			isa = PBXHeadersBuildPhase;
			buildActionMask = 2147483647;
			files = (
				772033BB21B57B0100807168 /* qmi.h in Headers */,
				772033BA21B57B0100807168 /* colors.h in Headers */,
				772033BC21B57B0100807168 /* util.h in Headers */,
				772033B821B57B0100807168 /* dyld-interposing.h in Headers */,
			);
			runOnlyForDeploymentPostprocessing = 0;
		};
/* End PBXHeadersBuildPhase section */

/* Begin PBXNativeTarget section */
		7776BA9221B1434200A982DA /* InterCC */ = {
			isa = PBXNativeTarget;
			buildConfigurationList = 7776BA9421B1434200A982DA /* Build configuration list for PBXNativeTarget "InterCC" */;
			buildPhases = (
				7776BA8F21B1434200A982DA /* Headers */,
				7776BA9021B1434200A982DA /* Sources */,
				7776BA9121B1434200A982DA /* Frameworks */,
				7776BAA021B1446500A982DA /* ShellScript */,
			);
			buildRules = (
			);
			dependencies = (
			);
			name = InterCC;
			productName = InterCC;
			productReference = 7776BA9321B1434200A982DA /* libInterCC.dylib */;
			productType = "com.apple.product-type.library.dynamic";
		};
/* End PBXNativeTarget section */

/* Begin PBXProject section */
		7776BA7C21B1425700A982DA /* Project object */ = {
			isa = PBXProject;
			attributes = {
				LastUpgradeCheck = 1010;
				ORGANIZATIONNAME = "Danylo Kostyshyn";
				TargetAttributes = {
					7776BA9221B1434200A982DA = {
						CreatedOnToolsVersion = 10.1;
					};
				};
			};
			buildConfigurationList = 7776BA7F21B1425700A982DA /* Build configuration list for PBXProject "InterCC" */;
			compatibilityVersion = "Xcode 9.3";
			developmentRegion = en;
			hasScannedForEncodings = 0;
			knownRegions = (
				en,
			);
			mainGroup = 7776BA7B21B1425700A982DA;
			productRefGroup = 7776BA8521B1425700A982DA /* Products */;
			projectDirPath = "";
			projectRoot = "";
			targets = (
				7776BA9221B1434200A982DA /* InterCC */,
			);
		};
/* End PBXProject section */

/* Begin PBXShellScriptBuildPhase section */
		7776BAA021B1446500A982DA /* ShellScript */ = {
			isa = PBXShellScriptBuildPhase;
			buildActionMask = 2147483647;
			files = (
			);
			inputFileListPaths = (
			);
			inputPaths = (
			);
			outputFileListPaths = (
			);
			outputPaths = (
			);
			runOnlyForDeploymentPostprocessing = 0;
			shellPath = /bin/sh;
			shellScript = "# Type a script or drag a script file from your workspace to insert its path.\nLDID=/opt/iOSOpenDev/bin/ldid\n${LDID} -S ${BUILT_PRODUCTS_DIR}/*\nscp -o StrictHostKeyChecking=no -P 2222 ${BUILT_PRODUCTS_DIR}/libInterCC.dylib root@127.0.0.1:~/\n";
		};
/* End PBXShellScriptBuildPhase section */

/* Begin PBXSourcesBuildPhase section */
		7776BA9021B1434200A982DA /* Sources */ = {
			isa = PBXSourcesBuildPhase;
			buildActionMask = 2147483647;
			files = (
				772033B921B57B0100807168 /* main.mm in Sources */,
				772033B721B57B0100807168 /* util.mm in Sources */,
			);
			runOnlyForDeploymentPostprocessing = 0;
		};
/* End PBXSourcesBuildPhase section */

/* Begin XCBuildConfiguration section */
		7776BA8921B1425700A982DA /* Debug */ = {
			isa = XCBuildConfiguration;
			buildSettings = {
				ALWAYS_SEARCH_USER_PATHS = NO;
				CLANG_ANALYZER_NONNULL = YES;
				CLANG_ANALYZER_NUMBER_OBJECT_CONVERSION = YES_AGGRESSIVE;
				CLANG_CXX_LANGUAGE_STANDARD = "gnu++14";
				CLANG_CXX_LIBRARY = "libc++";
				CLANG_ENABLE_MODULES = YES;
				CLANG_ENABLE_OBJC_ARC = YES;
				CLANG_ENABLE_OBJC_WEAK = YES;
				CLANG_WARN_BLOCK_CAPTURE_AUTORELEASING = YES;
				CLANG_WARN_BOOL_CONVERSION = YES;
				CLANG_WARN_COMMA = YES;
				CLANG_WARN_CONSTANT_CONVERSION = YES;
				CLANG_WARN_DEPRECATED_OBJC_IMPLEMENTATIONS = YES;
				CLANG_WARN_DIRECT_OBJC_ISA_USAGE = YES_ERROR;
				CLANG_WARN_DOCUMENTATION_COMMENTS = YES;
				CLANG_WARN_EMPTY_BODY = YES;
				CLANG_WARN_ENUM_CONVERSION = YES;
				CLANG_WARN_INFINITE_RECURSION = YES;
				CLANG_WARN_INT_CONVERSION = YES;
				CLANG_WARN_NON_LITERAL_NULL_CONVERSION = YES;
				CLANG_WARN_OBJC_IMPLICIT_RETAIN_SELF = YES;
				CLANG_WARN_OBJC_LITERAL_CONVERSION = YES;
				CLANG_WARN_OBJC_ROOT_CLASS = YES_ERROR;
				CLANG_WARN_RANGE_LOOP_ANALYSIS = YES;
				CLANG_WARN_STRICT_PROTOTYPES = YES;
				CLANG_WARN_SUSPICIOUS_MOVE = YES;
				CLANG_WARN_UNGUARDED_AVAILABILITY = YES_AGGRESSIVE;
				CLANG_WARN_UNREACHABLE_CODE = YES;
				CLANG_WARN__DUPLICATE_METHOD_MATCH = YES;
				COPY_PHASE_STRIP = NO;
				DEBUG_INFORMATION_FORMAT = dwarf;
				ENABLE_STRICT_OBJC_MSGSEND = YES;
				ENABLE_TESTABILITY = YES;
				GCC_C_LANGUAGE_STANDARD = gnu11;
				GCC_DYNAMIC_NO_PIC = NO;
				GCC_NO_COMMON_BLOCKS = YES;
				GCC_OPTIMIZATION_LEVEL = 0;
				GCC_PREPROCESSOR_DEFINITIONS = (
					"DEBUG=1",
					"$(inherited)",
				);
				GCC_WARN_64_TO_32_BIT_CONVERSION = YES;
				GCC_WARN_ABOUT_RETURN_TYPE = YES_ERROR;
				GCC_WARN_UNDECLARED_SELECTOR = YES;
				GCC_WARN_UNINITIALIZED_AUTOS = YES_AGGRESSIVE;
				GCC_WARN_UNUSED_FUNCTION = YES;
				GCC_WARN_UNUSED_VARIABLE = YES;
				IPHONEOS_DEPLOYMENT_TARGET = 9.0;
				MACOSX_DEPLOYMENT_TARGET = 10.14;
				MTL_ENABLE_DEBUG_INFO = INCLUDE_SOURCE;
				MTL_FAST_MATH = YES;
				ONLY_ACTIVE_ARCH = YES;
				SDKROOT = iphoneos;
				SUPPORTED_PLATFORMS = "macosx iphoneos";
				VALID_ARCHS = "i386 x86_64 amr64 armv7s armv7";
			};
			name = Debug;
		};
		7776BA8A21B1425700A982DA /* Release */ = {
			isa = XCBuildConfiguration;
			buildSettings = {
				ALWAYS_SEARCH_USER_PATHS = NO;
				CLANG_ANALYZER_NONNULL = YES;
				CLANG_ANALYZER_NUMBER_OBJECT_CONVERSION = YES_AGGRESSIVE;
				CLANG_CXX_LANGUAGE_STANDARD = "gnu++14";
				CLANG_CXX_LIBRARY = "libc++";
				CLANG_ENABLE_MODULES = YES;
				CLANG_ENABLE_OBJC_ARC = YES;
				CLANG_ENABLE_OBJC_WEAK = YES;
				CLANG_WARN_BLOCK_CAPTURE_AUTORELEASING = YES;
				CLANG_WARN_BOOL_CONVERSION = YES;
				CLANG_WARN_COMMA = YES;
				CLANG_WARN_CONSTANT_CONVERSION = YES;
				CLANG_WARN_DEPRECATED_OBJC_IMPLEMENTATIONS = YES;
				CLANG_WARN_DIRECT_OBJC_ISA_USAGE = YES_ERROR;
				CLANG_WARN_DOCUMENTATION_COMMENTS = YES;
				CLANG_WARN_EMPTY_BODY = YES;
				CLANG_WARN_ENUM_CONVERSION = YES;
				CLANG_WARN_INFINITE_RECURSION = YES;
				CLANG_WARN_INT_CONVERSION = YES;
				CLANG_WARN_NON_LITERAL_NULL_CONVERSION = YES;
				CLANG_WARN_OBJC_IMPLICIT_RETAIN_SELF = YES;
				CLANG_WARN_OBJC_LITERAL_CONVERSION = YES;
				CLANG_WARN_OBJC_ROOT_CLASS = YES_ERROR;
				CLANG_WARN_RANGE_LOOP_ANALYSIS = YES;
				CLANG_WARN_STRICT_PROTOTYPES = YES;
				CLANG_WARN_SUSPICIOUS_MOVE = YES;
				CLANG_WARN_UNGUARDED_AVAILABILITY = YES_AGGRESSIVE;
				CLANG_WARN_UNREACHABLE_CODE = YES;
				CLANG_WARN__DUPLICATE_METHOD_MATCH = YES;
				COPY_PHASE_STRIP = NO;
				DEBUG_INFORMATION_FORMAT = "dwarf-with-dsym";
				ENABLE_NS_ASSERTIONS = NO;
				ENABLE_STRICT_OBJC_MSGSEND = YES;
				GCC_C_LANGUAGE_STANDARD = gnu11;
				GCC_NO_COMMON_BLOCKS = YES;
				GCC_WARN_64_TO_32_BIT_CONVERSION = YES;
				GCC_WARN_ABOUT_RETURN_TYPE = YES_ERROR;
				GCC_WARN_UNDECLARED_SELECTOR = YES;
				GCC_WARN_UNINITIALIZED_AUTOS = YES_AGGRESSIVE;
				GCC_WARN_UNUSED_FUNCTION = YES;
				GCC_WARN_UNUSED_VARIABLE = YES;
				IPHONEOS_DEPLOYMENT_TARGET = 9.0;
				MACOSX_DEPLOYMENT_TARGET = 10.14;
				MTL_ENABLE_DEBUG_INFO = NO;
				MTL_FAST_MATH = YES;
				SDKROOT = iphoneos;
				SUPPORTED_PLATFORMS = "macosx iphoneos";
				VALID_ARCHS = "i386 x86_64 amr64 armv7s armv7";
			};
			name = Release;
		};
		7776BA9521B1434200A982DA /* Debug */ = {
			isa = XCBuildConfiguration;
			buildSettings = {
				DYLIB_COMPATIBILITY_VERSION = 1;
				DYLIB_CURRENT_VERSION = 1;
				EXECUTABLE_PREFIX = lib;
				LIBRARY_SEARCH_PATHS = "$(SRCROOT)/../../rootfs/iphone4s_ios902/System/Library/Caches/com.apple.dyld/extracted";
				PRODUCT_NAME = "$(TARGET_NAME)";
				SKIP_INSTALL = YES;
			};
			name = Debug;
		};
		7776BA9621B1434200A982DA /* Release */ = {
			isa = XCBuildConfiguration;
			buildSettings = {
				DYLIB_COMPATIBILITY_VERSION = 1;
				DYLIB_CURRENT_VERSION = 1;
				EXECUTABLE_PREFIX = lib;
				LIBRARY_SEARCH_PATHS = "$(SRCROOT)/../../rootfs/iphone4s_ios902/System/Library/Caches/com.apple.dyld/extracted";
				PRODUCT_NAME = "$(TARGET_NAME)";
				SKIP_INSTALL = YES;
			};
			name = Release;
		};
/* End XCBuildConfiguration section */

/* Begin XCConfigurationList section */
		7776BA7F21B1425700A982DA /* Build configuration list for PBXProject "InterCC" */ = {
			isa = XCConfigurationList;
			buildConfigurations = (
				7776BA8921B1425700A982DA /* Debug */,
				7776BA8A21B1425700A982DA /* Release */,
			);
			defaultConfigurationIsVisible = 0;
			defaultConfigurationName = Release;
		};
		7776BA9421B1434200A982DA /* Build configuration list for PBXNativeTarget "InterCC" */ = {
			isa = XCConfigurationList;
			buildConfigurations = (
				7776BA9521B1434200A982DA /* Debug */,
				7776BA9621B1434200A982DA /* Release */,
			);
			defaultConfigurationIsVisible = 0;
			defaultConfigurationName = Release;
		};
/* End XCConfigurationList section */
	};
	rootObject = 7776BA7C21B1425700A982DA /* Project object */;
}
